
Microsoft Visual Studio Solution File, Format Version 12.00
# Visual Studio Version 16
VisualStudioVersion = 16.0.30114.105
MinimumVisualStudioVersion = 10.0.40219.1
Project("{FAE04EC0-301F-11D3-BF4B-00C04F79EFBC}") = "API", "API\API.csproj", "{89BC17E5-8DC5-41A7-AA66-FB8B0B848B69}"
EndProject
Project("{FAE04EC0-301F-11D3-BF4B-00C04F79EFBC}") = "Core", "Core\Core.csproj", "{6ED5BF40-DA14-43DE-9C99-6EBDD3C08949}"
EndProject
Project("{FAE04EC0-301F-11D3-BF4B-00C04F79EFBC}") = "Infrastructure", "Infrastructure\Infrastructure.csproj", "{A4791534-AF34-48C4-9DBE-9A090EE50E1D}"
EndProject
Global
	GlobalSection(SolutionConfigurationPlatforms) = preSolution
		Debug|Any CPU = Debug|Any CPU
		Release|Any CPU = Release|Any CPU
	EndGlobalSection
	GlobalSection(SolutionProperties) = preSolution
		HideSolutionNode = FALSE
	EndGlobalSection
	GlobalSection(ProjectConfigurationPlatforms) = postSolution
		{89BC17E5-8DC5-41A7-AA66-FB8B0B848B69}.Debug|Any CPU.ActiveCfg = Debug|Any CPU
		{89BC17E5-8DC5-41A7-AA66-FB8B0B848B69}.Debug|Any CPU.Build.0 = Debug|Any CPU
		{89BC17E5-8DC5-41A7-AA66-FB8B0B848B69}.Release|Any CPU.ActiveCfg = Release|Any CPU
		{89BC17E5-8DC5-41A7-AA66-FB8B0B848B69}.Release|Any CPU.Build.0 = Release|Any CPU
		{6ED5BF40-DA14-43DE-9C99-6EBDD3C08949}.Debug|Any CPU.ActiveCfg = Debug|Any CPU
		{6ED5BF40-DA14-43DE-9C99-6EBDD3C08949}.Debug|Any CPU.Build.0 = Debug|Any CPU
		{6ED5BF40-DA14-43DE-9C99-6EBDD3C08949}.Release|Any CPU.ActiveCfg = Release|Any CPU
		{6ED5BF40-DA14-43DE-9C99-6EBDD3C08949}.Release|Any CPU.Build.0 = Release|Any CPU
		{A4791534-AF34-48C4-9DBE-9A090EE50E1D}.Debug|Any CPU.ActiveCfg = Debug|Any CPU
		{A4791534-AF34-48C4-9DBE-9A090EE50E1D}.Debug|Any CPU.Build.0 = Debug|Any CPU
		{A4791534-AF34-48C4-9DBE-9A090EE50E1D}.Release|Any CPU.ActiveCfg = Release|Any CPU
		{A4791534-AF34-48C4-9DBE-9A090EE50E1D}.Release|Any CPU.Build.0 = Release|Any CPU
	EndGlobalSection
EndGlobal
